<?xml version="1.0" encoding="utf-8"?>
<Project ToolsVersion="4.0" xmlns="http://schemas.microsoft.com/developer/msbuild/2003">
  <ItemGroup>
    <ClCompile Include="..\src\Analyzer.cpp" />
    <ClCompile Include="..\src\ImageTester.cpp" />
    <ClCompile Include="..\src\ImgPreProcessor.cpp" />
    <ClCompile Include="..\src\ImgPreProcessorBW.cpp" />
    <ClCompile Include="..\src\main.cpp" />
    <ClCompile Include="..\src\StraightPatternDetector.cpp" />
    <ClCompile Include="..\src\Menu.cpp" />
    <ClCompile Include="..\src\VideoTester.cpp" />
  </ItemGroup>
  <ItemGroup>
    <ClInclude Include="..\src\Analyzer.h" />
    <ClInclude Include="..\src\ImageTester.h" />
    <ClInclude Include="..\src\ImgPreProcessor.h" />
    <ClInclude Include="..\src\ImgPreProcessorBW.h" />
    <ClInclude Include="..\src\Menu.h" />
    <ClInclude Include="..\src\PatternDetector.h" />
    <ClInclude Include="..\src\StraightPatternDetector.h" />
    <ClInclude Include="..\src\VideoTester.h" />
    <ClInclude Include="..\src\checkML.h" />
  </ItemGroup>
</Project>